
Microsoft Visual Studio Solution File, Format Version 12.00
# Visual Studio Version 17
VisualStudioVersion = 17.8.34330.188
MinimumVisualStudioVersion = 10.0.40219.1
Project("{FAE04EC0-301F-11D3-BF4B-00C04F79EFBC}") = "calculadora", "calculadora\calculadora.csproj", "{DB1F8DA1-1CA3-44C0-B66A-B7FA355CDF41}"
EndProject
Global
	GlobalSection(SolutionConfigurationPlatforms) = preSolution
		Debug|Any CPU = Debug|Any CPU
		Release|Any CPU = Release|Any CPU
	EndGlobalSection
	GlobalSection(ProjectConfigurationPlatforms) = postSolution
		{DB1F8DA1-1CA3-44C0-B66A-B7FA355CDF41}.Debug|Any CPU.ActiveCfg = Debug|Any CPU
		{DB1F8DA1-1CA3-44C0-B66A-B7FA355CDF41}.Debug|Any CPU.Build.0 = Debug|Any CPU
		{DB1F8DA1-1CA3-44C0-B66A-B7FA355CDF41}.Release|Any CPU.ActiveCfg = Release|Any CPU
		{DB1F8DA1-1CA3-44C0-B66A-B7FA355CDF41}.Release|Any CPU.Build.0 = Release|Any CPU
	EndGlobalSection
	GlobalSection(SolutionProperties) = preSolution
		HideSolutionNode = FALSE
	EndGlobalSection
	GlobalSection(ExtensibilityGlobals) = postSolution
		SolutionGuid = {8268AAA4-3BCB-46AC-B09F-A16C567AF296}
	EndGlobalSection
EndGlobal
